
Microsoft Visual Studio Solution File, Format Version 12.00
# Visual Studio Version 17
VisualStudioVersion = 17.6.33815.320
MinimumVisualStudioVersion = 10.0.40219.1
Project("{9A19103F-16F7-4668-BE54-9A1E7A4F7556}") = "MicroLocalStorage", "MicroLocalStorage\MicroLocalStorage.csproj", "{BE5793AC-F991-443E-95F8-7C741FBC857C}"
EndProject
Project("{FAE04EC0-301F-11D3-BF4B-00C04F79EFBC}") = "TestingCA", "TestingCA\TestingCA.csproj", "{1D922CFB-7A25-4826-95CB-B4C1F35BCE09}"
EndProject
Global
	GlobalSection(SolutionConfigurationPlatforms) = preSolution
		Debug|Any CPU = Debug|Any CPU
		Release|Any CPU = Release|Any CPU
	EndGlobalSection
	GlobalSection(ProjectConfigurationPlatforms) = postSolution
		{BE5793AC-F991-443E-95F8-7C741FBC857C}.Debug|Any CPU.ActiveCfg = Debug|Any CPU
		{BE5793AC-F991-443E-95F8-7C741FBC857C}.Debug|Any CPU.Build.0 = Debug|Any CPU
		{BE5793AC-F991-443E-95F8-7C741FBC857C}.Release|Any CPU.ActiveCfg = Release|Any CPU
		{BE5793AC-F991-443E-95F8-7C741FBC857C}.Release|Any CPU.Build.0 = Release|Any CPU
		{1D922CFB-7A25-4826-95CB-B4C1F35BCE09}.Debug|Any CPU.ActiveCfg = Debug|Any CPU
		{1D922CFB-7A25-4826-95CB-B4C1F35BCE09}.Debug|Any CPU.Build.0 = Debug|Any CPU
		{1D922CFB-7A25-4826-95CB-B4C1F35BCE09}.Release|Any CPU.ActiveCfg = Release|Any CPU
		{1D922CFB-7A25-4826-95CB-B4C1F35BCE09}.Release|Any CPU.Build.0 = Release|Any CPU
	EndGlobalSection
	GlobalSection(SolutionProperties) = preSolution
		HideSolutionNode = FALSE
	EndGlobalSection
	GlobalSection(ExtensibilityGlobals) = postSolution
		SolutionGuid = {2859F364-3A0A-4C4E-A7F8-7C19C422F267}
	EndGlobalSection
EndGlobal
